
Microsoft Visual Studio Solution File, Format Version 12.00
# Visual Studio 2012
Project("{FAE04EC0-301F-11D3-BF4B-00C04F79EFBC}") = "StackLayout", "StackLayout\StackLayout.csproj", "{C690770D-EECB-4252-95D5-57496FFA5942}"
EndProject
Project("{FAE04EC0-301F-11D3-BF4B-00C04F79EFBC}") = "StackLayout.iOS", "iOS\StackLayout.iOS.csproj", "{9B5B70D6-6121-4AE4-A6F6-50F5724A081D}"
EndProject
Project("{FAE04EC0-301F-11D3-BF4B-00C04F79EFBC}") = "StackLayout.Droid", "Droid\StackLayout.Droid.csproj", "{A3DAEC89-C011-404B-91FE-09886046B9D1}"
EndProject
Global
	GlobalSection(SolutionConfigurationPlatforms) = preSolution
		Debug|Any CPU = Debug|Any CPU
		Release|Any CPU = Release|Any CPU
		Debug|iPhoneSimulator = Debug|iPhoneSimulator
		Release|iPhone = Release|iPhone
		Release|iPhoneSimulator = Release|iPhoneSimulator
		Debug|iPhone = Debug|iPhone
	EndGlobalSection
	GlobalSection(ProjectConfigurationPlatforms) = postSolution
		{C690770D-EECB-4252-95D5-57496FFA5942}.Debug|Any CPU.ActiveCfg = Debug|Any CPU
		{C690770D-EECB-4252-95D5-57496FFA5942}.Debug|Any CPU.Build.0 = Debug|Any CPU
		{C690770D-EECB-4252-95D5-57496FFA5942}.Release|Any CPU.ActiveCfg = Release|Any CPU
		{C690770D-EECB-4252-95D5-57496FFA5942}.Release|Any CPU.Build.0 = Release|Any CPU
		{C690770D-EECB-4252-95D5-57496FFA5942}.Debug|iPhoneSimulator.ActiveCfg = Debug|Any CPU
		{C690770D-EECB-4252-95D5-57496FFA5942}.Debug|iPhoneSimulator.Build.0 = Debug|Any CPU
		{C690770D-EECB-4252-95D5-57496FFA5942}.Release|iPhone.ActiveCfg = Release|Any CPU
		{C690770D-EECB-4252-95D5-57496FFA5942}.Release|iPhone.Build.0 = Release|Any CPU
		{C690770D-EECB-4252-95D5-57496FFA5942}.Release|iPhoneSimulator.ActiveCfg = Release|Any CPU
		{C690770D-EECB-4252-95D5-57496FFA5942}.Release|iPhoneSimulator.Build.0 = Release|Any CPU
		{C690770D-EECB-4252-95D5-57496FFA5942}.Debug|iPhone.ActiveCfg = Debug|Any CPU
		{C690770D-EECB-4252-95D5-57496FFA5942}.Debug|iPhone.Build.0 = Debug|Any CPU
		{9B5B70D6-6121-4AE4-A6F6-50F5724A081D}.Debug|Any CPU.ActiveCfg = Debug|iPhoneSimulator
		{9B5B70D6-6121-4AE4-A6F6-50F5724A081D}.Debug|Any CPU.Build.0 = Debug|iPhoneSimulator
		{9B5B70D6-6121-4AE4-A6F6-50F5724A081D}.Release|Any CPU.ActiveCfg = Release|iPhone
		{9B5B70D6-6121-4AE4-A6F6-50F5724A081D}.Release|Any CPU.Build.0 = Release|iPhone
		{9B5B70D6-6121-4AE4-A6F6-50F5724A081D}.Debug|iPhoneSimulator.ActiveCfg = Debug|iPhoneSimulator
		{9B5B70D6-6121-4AE4-A6F6-50F5724A081D}.Debug|iPhoneSimulator.Build.0 = Debug|iPhoneSimulator
		{9B5B70D6-6121-4AE4-A6F6-50F5724A081D}.Release|iPhone.ActiveCfg = Release|iPhone
		{9B5B70D6-6121-4AE4-A6F6-50F5724A081D}.Release|iPhone.Build.0 = Release|iPhone
		{9B5B70D6-6121-4AE4-A6F6-50F5724A081D}.Release|iPhoneSimulator.ActiveCfg = Release|iPhoneSimulator
		{9B5B70D6-6121-4AE4-A6F6-50F5724A081D}.Release|iPhoneSimulator.Build.0 = Release|iPhoneSimulator
		{9B5B70D6-6121-4AE4-A6F6-50F5724A081D}.Debug|iPhone.ActiveCfg = Debug|iPhone
		{9B5B70D6-6121-4AE4-A6F6-50F5724A081D}.Debug|iPhone.Build.0 = Debug|iPhone
		{A3DAEC89-C011-404B-91FE-09886046B9D1}.Debug|Any CPU.ActiveCfg = Debug|Any CPU
		{A3DAEC89-C011-404B-91FE-09886046B9D1}.Debug|Any CPU.Build.0 = Debug|Any CPU
		{A3DAEC89-C011-404B-91FE-09886046B9D1}.Release|Any CPU.ActiveCfg = Release|Any CPU
		{A3DAEC89-C011-404B-91FE-09886046B9D1}.Release|Any CPU.Build.0 = Release|Any CPU
		{A3DAEC89-C011-404B-91FE-09886046B9D1}.Debug|iPhoneSimulator.ActiveCfg = Debug|Any CPU
		{A3DAEC89-C011-404B-91FE-09886046B9D1}.Debug|iPhoneSimulator.Build.0 = Debug|Any CPU
		{A3DAEC89-C011-404B-91FE-09886046B9D1}.Release|iPhone.ActiveCfg = Release|Any CPU
		{A3DAEC89-C011-404B-91FE-09886046B9D1}.Release|iPhone.Build.0 = Release|Any CPU
		{A3DAEC89-C011-404B-91FE-09886046B9D1}.Release|iPhoneSimulator.ActiveCfg = Release|Any CPU
		{A3DAEC89-C011-404B-91FE-09886046B9D1}.Release|iPhoneSimulator.Build.0 = Release|Any CPU
		{A3DAEC89-C011-404B-91FE-09886046B9D1}.Debug|iPhone.ActiveCfg = Debug|Any CPU
		{A3DAEC89-C011-404B-91FE-09886046B9D1}.Debug|iPhone.Build.0 = Debug|Any CPU
	EndGlobalSection
EndGlobal
